{
  "name": "domo",
  "version": "0.0.1",
  "lockfileVersion": 1,
  "requires": true,
  "dependencies": {
    "react-native-amap3d": {
      "version": "0.11.0",
      "resolved": "https://registry.npmjs.org/react-native-amap3d/-/react-native-amap3d-0.11.0.tgz",
      "integrity": "sha512-1ug+g79vODfXo+Ds6OgonKEjRO+A71IxFKB5az9ypOQY3I/h59DP863KIj+omTMlHXvHO/BPVyJHwfTP77b8AA=="
    }
  }
}
